
Microsoft Visual Studio Solution File, Format Version 12.00
# Visual Studio Version 16
VisualStudioVersion = 16.0.30128.74
MinimumVisualStudioVersion = 10.0.40219.1
Project("{FAE04EC0-301F-11D3-BF4B-00C04F79EFBC}") = "Pollistíco", "Pollistíco.csproj", "{B27E125D-2F87-4AD5-86A7-71004DB60411}"
EndProject
Global
	GlobalSection(SolutionConfigurationPlatforms) = preSolution
		Debug|Any CPU = Debug|Any CPU
		Release|Any CPU = Release|Any CPU
	EndGlobalSection
	GlobalSection(ProjectConfigurationPlatforms) = postSolution
		{B27E125D-2F87-4AD5-86A7-71004DB60411}.Debug|Any CPU.ActiveCfg = Debug|Any CPU
		{B27E125D-2F87-4AD5-86A7-71004DB60411}.Debug|Any CPU.Build.0 = Debug|Any CPU
		{B27E125D-2F87-4AD5-86A7-71004DB60411}.Release|Any CPU.ActiveCfg = Release|Any CPU
		{B27E125D-2F87-4AD5-86A7-71004DB60411}.Release|Any CPU.Build.0 = Release|Any CPU
	EndGlobalSection
	GlobalSection(SolutionProperties) = preSolution
		HideSolutionNode = FALSE
	EndGlobalSection
	GlobalSection(ExtensibilityGlobals) = postSolution
		SolutionGuid = {15471C4C-6738-4CFB-B41A-806CEB4A5E61}
	EndGlobalSection
EndGlobal
